
Microsoft Visual Studio Solution File, Format Version 12.00
# Visual Studio Version 17
VisualStudioVersion = 17.14.36414.22 d17.14
MinimumVisualStudioVersion = 10.0.40219.1
Project("{FAE04EC0-301F-11D3-BF4B-00C04F79EFBC}") = "WarehouseAPI", "WarehouseAPI\WarehouseAPI.csproj", "{AFF41E81-3AAA-4824-B2C3-96D537524F45}"
EndProject
Global
	GlobalSection(SolutionConfigurationPlatforms) = preSolution
		Debug|Any CPU = Debug|Any CPU
		Release|Any CPU = Release|Any CPU
	EndGlobalSection
	GlobalSection(ProjectConfigurationPlatforms) = postSolution
		{AFF41E81-3AAA-4824-B2C3-96D537524F45}.Debug|Any CPU.ActiveCfg = Debug|Any CPU
		{AFF41E81-3AAA-4824-B2C3-96D537524F45}.Debug|Any CPU.Build.0 = Debug|Any CPU
		{AFF41E81-3AAA-4824-B2C3-96D537524F45}.Release|Any CPU.ActiveCfg = Release|Any CPU
		{AFF41E81-3AAA-4824-B2C3-96D537524F45}.Release|Any CPU.Build.0 = Release|Any CPU
	EndGlobalSection
	GlobalSection(SolutionProperties) = preSolution
		HideSolutionNode = FALSE
	EndGlobalSection
	GlobalSection(ExtensibilityGlobals) = postSolution
		SolutionGuid = {5D447A73-BF34-4FFF-A81F-D77320227FD7}
	EndGlobalSection
EndGlobal
